
Microsoft Visual Studio Solution File, Format Version 12.00
# Visual Studio Version 17
VisualStudioVersion = 17.14.36408.4 d17.14
MinimumVisualStudioVersion = 10.0.40219.1
Project("{FAE04EC0-301F-11D3-BF4B-00C04F79EFBC}") = "MauiCollectionViewError", "MauiCollectionViewError.csproj", "{EDBE2D14-1DF5-4351-8736-4594F0FCE3DB}"
EndProject
Global
	GlobalSection(SolutionConfigurationPlatforms) = preSolution
		Debug|Any CPU = Debug|Any CPU
		Release|Any CPU = Release|Any CPU
	EndGlobalSection
	GlobalSection(ProjectConfigurationPlatforms) = postSolution
		{EDBE2D14-1DF5-4351-8736-4594F0FCE3DB}.Debug|Any CPU.ActiveCfg = Debug|Any CPU
		{EDBE2D14-1DF5-4351-8736-4594F0FCE3DB}.Debug|Any CPU.Build.0 = Debug|Any CPU
		{EDBE2D14-1DF5-4351-8736-4594F0FCE3DB}.Release|Any CPU.ActiveCfg = Release|Any CPU
		{EDBE2D14-1DF5-4351-8736-4594F0FCE3DB}.Release|Any CPU.Build.0 = Release|Any CPU
	EndGlobalSection
	GlobalSection(SolutionProperties) = preSolution
		HideSolutionNode = FALSE
	EndGlobalSection
	GlobalSection(ExtensibilityGlobals) = postSolution
		SolutionGuid = {A41537A4-F3CC-4457-89E6-0B62192DE08C}
	EndGlobalSection
EndGlobal
